
Microsoft Visual Studio Solution File, Format Version 12.00
# Visual Studio Version 16
VisualStudioVersion = 16.0.31410.357
MinimumVisualStudioVersion = 10.0.40219.1
Project("{FAE04EC0-301F-11D3-BF4B-00C04F79EFBC}") = "GitPractice", "GitPractice\GitPractice.csproj", "{D43ADE59-4E5D-47D5-9F9B-DB9BADC5151F}"
EndProject
Global
	GlobalSection(SolutionConfigurationPlatforms) = preSolution
		Debug|Any CPU = Debug|Any CPU
		Release|Any CPU = Release|Any CPU
	EndGlobalSection
	GlobalSection(ProjectConfigurationPlatforms) = postSolution
		{D43ADE59-4E5D-47D5-9F9B-DB9BADC5151F}.Debug|Any CPU.ActiveCfg = Debug|Any CPU
		{D43ADE59-4E5D-47D5-9F9B-DB9BADC5151F}.Debug|Any CPU.Build.0 = Debug|Any CPU
		{D43ADE59-4E5D-47D5-9F9B-DB9BADC5151F}.Release|Any CPU.ActiveCfg = Release|Any CPU
		{D43ADE59-4E5D-47D5-9F9B-DB9BADC5151F}.Release|Any CPU.Build.0 = Release|Any CPU
	EndGlobalSection
	GlobalSection(SolutionProperties) = preSolution
		HideSolutionNode = FALSE
	EndGlobalSection
	GlobalSection(ExtensibilityGlobals) = postSolution
		SolutionGuid = {FBA9A17F-E813-4F55-8E5B-74DF86AC12F2}
	EndGlobalSection
EndGlobal
